
Microsoft Visual Studio Solution File, Format Version 12.00
# Visual Studio 15
VisualStudioVersion = 15.0.28307.271
MinimumVisualStudioVersion = 10.0.40219.1
Project("{FAE04EC0-301F-11D3-BF4B-00C04F79EFBC}") = "HW3_B10523025_陳冠廷", "HW2_B10523025_陳冠廷\HW3_B10523025_陳冠廷.csproj", "{F72D823B-0BBA-4AC2-BC8E-9CED1EB248C2}"
EndProject
Global
	GlobalSection(SolutionConfigurationPlatforms) = preSolution
		Debug|Any CPU = Debug|Any CPU
		Release|Any CPU = Release|Any CPU
	EndGlobalSection
	GlobalSection(ProjectConfigurationPlatforms) = postSolution
		{F72D823B-0BBA-4AC2-BC8E-9CED1EB248C2}.Debug|Any CPU.ActiveCfg = Debug|Any CPU
		{F72D823B-0BBA-4AC2-BC8E-9CED1EB248C2}.Debug|Any CPU.Build.0 = Debug|Any CPU
		{F72D823B-0BBA-4AC2-BC8E-9CED1EB248C2}.Release|Any CPU.ActiveCfg = Release|Any CPU
		{F72D823B-0BBA-4AC2-BC8E-9CED1EB248C2}.Release|Any CPU.Build.0 = Release|Any CPU
	EndGlobalSection
	GlobalSection(SolutionProperties) = preSolution
		HideSolutionNode = FALSE
	EndGlobalSection
	GlobalSection(ExtensibilityGlobals) = postSolution
		SolutionGuid = {D9A81347-E5F8-41CD-BF7B-6B40C940A68C}
	EndGlobalSection
EndGlobal
